
Microsoft Visual Studio Solution File, Format Version 12.00
# Visual Studio Version 17
VisualStudioVersion = 17.4.33213.308
MinimumVisualStudioVersion = 10.0.40219.1
Project("{FAE04EC0-301F-11D3-BF4B-00C04F79EFBC}") = "Week4Loop", "Week4Loop\Week4Loop.csproj", "{A75119EF-BC8B-4C90-929D-11F18F31A87E}"
EndProject
Project("{FAE04EC0-301F-11D3-BF4B-00C04F79EFBC}") = "ForLoopSum", "ForLoopSum\ForLoopSum.csproj", "{D148742D-0A23-4FE3-8EF0-29DBAF2638FA}"
EndProject
Project("{FAE04EC0-301F-11D3-BF4B-00C04F79EFBC}") = "RandomNumber", "RandomNumber\RandomNumber.csproj", "{8428400B-7E91-4E3F-AEA9-E65FB723C839}"
EndProject
Project("{FAE04EC0-301F-11D3-BF4B-00C04F79EFBC}") = "WhileLoop", "WhileLoop\WhileLoop.csproj", "{F01687A9-3B23-44B1-A861-7A21E1F7BDFC}"
EndProject
Global
	GlobalSection(SolutionConfigurationPlatforms) = preSolution
		Debug|Any CPU = Debug|Any CPU
		Release|Any CPU = Release|Any CPU
	EndGlobalSection
	GlobalSection(ProjectConfigurationPlatforms) = postSolution
		{A75119EF-BC8B-4C90-929D-11F18F31A87E}.Debug|Any CPU.ActiveCfg = Debug|Any CPU
		{A75119EF-BC8B-4C90-929D-11F18F31A87E}.Debug|Any CPU.Build.0 = Debug|Any CPU
		{A75119EF-BC8B-4C90-929D-11F18F31A87E}.Release|Any CPU.ActiveCfg = Release|Any CPU
		{A75119EF-BC8B-4C90-929D-11F18F31A87E}.Release|Any CPU.Build.0 = Release|Any CPU
		{D148742D-0A23-4FE3-8EF0-29DBAF2638FA}.Debug|Any CPU.ActiveCfg = Debug|Any CPU
		{D148742D-0A23-4FE3-8EF0-29DBAF2638FA}.Debug|Any CPU.Build.0 = Debug|Any CPU
		{D148742D-0A23-4FE3-8EF0-29DBAF2638FA}.Release|Any CPU.ActiveCfg = Release|Any CPU
		{D148742D-0A23-4FE3-8EF0-29DBAF2638FA}.Release|Any CPU.Build.0 = Release|Any CPU
		{8428400B-7E91-4E3F-AEA9-E65FB723C839}.Debug|Any CPU.ActiveCfg = Debug|Any CPU
		{8428400B-7E91-4E3F-AEA9-E65FB723C839}.Debug|Any CPU.Build.0 = Debug|Any CPU
		{8428400B-7E91-4E3F-AEA9-E65FB723C839}.Release|Any CPU.ActiveCfg = Release|Any CPU
		{8428400B-7E91-4E3F-AEA9-E65FB723C839}.Release|Any CPU.Build.0 = Release|Any CPU
		{F01687A9-3B23-44B1-A861-7A21E1F7BDFC}.Debug|Any CPU.ActiveCfg = Debug|Any CPU
		{F01687A9-3B23-44B1-A861-7A21E1F7BDFC}.Debug|Any CPU.Build.0 = Debug|Any CPU
		{F01687A9-3B23-44B1-A861-7A21E1F7BDFC}.Release|Any CPU.ActiveCfg = Release|Any CPU
		{F01687A9-3B23-44B1-A861-7A21E1F7BDFC}.Release|Any CPU.Build.0 = Release|Any CPU
	EndGlobalSection
	GlobalSection(SolutionProperties) = preSolution
		HideSolutionNode = FALSE
	EndGlobalSection
	GlobalSection(ExtensibilityGlobals) = postSolution
		SolutionGuid = {03509547-3FA7-4777-84AF-A500F5703438}
	EndGlobalSection
EndGlobal
